
Microsoft Visual Studio Solution File, Format Version 11.00
# Visual Studio 2010
Project("{FAE04EC0-301F-11D3-BF4B-00C04F79EFBC}") = "Arena", "Assembly-CSharp-firstpass.csproj", "{0FFEA597-2465-88D1-527B-A7138AC9681A}"
EndProject
Project("{FAE04EC0-301F-11D3-BF4B-00C04F79EFBC}") = "Arena", "Assembly-CSharp.csproj", "{B8C6099D-62AF-0BA6-037D-5E944C305478}"
EndProject
Project("{FAE04EC0-301F-11D3-BF4B-00C04F79EFBC}") = "Arena", "Assembly-CSharp-Editor-firstpass.csproj", "{643F5850-2964-E91E-BD0D-FB1C43818E54}"
EndProject
Global
	GlobalSection(SolutionConfigurationPlatforms) = preSolution
		Debug|Any CPU = Debug|Any CPU
		Release|Any CPU = Release|Any CPU
	EndGlobalSection
	GlobalSection(ProjectConfigurationPlatforms) = postSolution
		{0FFEA597-2465-88D1-527B-A7138AC9681A}.Debug|Any CPU.ActiveCfg = Debug|Any CPU
		{0FFEA597-2465-88D1-527B-A7138AC9681A}.Debug|Any CPU.Build.0 = Debug|Any CPU
		{0FFEA597-2465-88D1-527B-A7138AC9681A}.Release|Any CPU.ActiveCfg = Release|Any CPU
		{0FFEA597-2465-88D1-527B-A7138AC9681A}.Release|Any CPU.Build.0 = Release|Any CPU
		{B8C6099D-62AF-0BA6-037D-5E944C305478}.Debug|Any CPU.ActiveCfg = Debug|Any CPU
		{B8C6099D-62AF-0BA6-037D-5E944C305478}.Debug|Any CPU.Build.0 = Debug|Any CPU
		{B8C6099D-62AF-0BA6-037D-5E944C305478}.Release|Any CPU.ActiveCfg = Release|Any CPU
		{B8C6099D-62AF-0BA6-037D-5E944C305478}.Release|Any CPU.Build.0 = Release|Any CPU
		{643F5850-2964-E91E-BD0D-FB1C43818E54}.Debug|Any CPU.ActiveCfg = Debug|Any CPU
		{643F5850-2964-E91E-BD0D-FB1C43818E54}.Debug|Any CPU.Build.0 = Debug|Any CPU
		{643F5850-2964-E91E-BD0D-FB1C43818E54}.Release|Any CPU.ActiveCfg = Release|Any CPU
		{643F5850-2964-E91E-BD0D-FB1C43818E54}.Release|Any CPU.Build.0 = Release|Any CPU
	EndGlobalSection
	GlobalSection(SolutionProperties) = preSolution
		HideSolutionNode = FALSE
	EndGlobalSection
	GlobalSection(MonoDevelopProperties) = preSolution
		StartupItem = Assembly-CSharp.csproj
	EndGlobalSection
EndGlobal
